// !$*UTF8*$!
{
	archiveVersion = 1;
	classes = {
	};
	objectVersion = 50;
	objects = {

/* Begin PBXBuildFile section */
		01C8E0E6225B4CA600EC5EA3 /* AppDelegate.swift in Sources */ = {isa = PBXBuildFile; fileRef = 01C8E0E5225B4CA600EC5EA3 /* AppDelegate.swift */; };
		01C8E0E8225B4CA600EC5EA3 /* ViewController.swift in Sources */ = {isa = PBXBuildFile; fileRef = 01C8E0E7225B4CA600EC5EA3 /* ViewController.swift */; };
		01C8E0EB225B4CA600EC5EA3 /* Main.storyboard in Resources */ = {isa = PBXBuildFile; fileRef = 01C8E0E9225B4CA600EC5EA3 /* Main.storyboard */; };
		01C8E0ED225B4CAB00EC5EA3 /* Assets.xcassets in Resources */ = {isa = PBXBuildFile; fileRef = 01C8E0EC225B4CAB00EC5EA3 /* Assets.xcassets */; };
		01C8E0F0225B4CAB00EC5EA3 /* LaunchScreen.storyboard in Resources */ = {isa = PBXBuildFile; fileRef = 01C8E0EE225B4CAB00EC5EA3 /* LaunchScreen.storyboard */; };
/* End PBXBuildFile section */

/* Begin PBXFileReference section */
		01C8E0E2225B4CA600EC5EA3 /* FreakingFood.app */ = {isa = PBXFileReference; explicitFileType = wrapper.application; includeInIndex = 0; path = FreakingFood.app; sourceTree = BUILT_PRODUCTS_DIR; };
		01C8E0E5225B4CA600EC5EA3 /* AppDelegate.swift */ = {isa = PBXFileReference; lastKnownFileType = sourcecode.swift; path = AppDelegate.swift; sourceTree = "<group>"; };
		01C8E0E7225B4CA600EC5EA3 /* ViewController.swift */ = {isa = PBXFileReference; lastKnownFileType = sourcecode.swift; path = ViewController.swift; sourceTree = "<group>"; };
		01C8E0EA225B4CA600EC5EA3 /* Base */ = {isa = PBXFileReference; lastKnownFileType = file.storyboard; name = Base; path = Base.lproj/Main.storyboard; sourceTree = "<group>"; };
		01C8E0EC225B4CAB00EC5EA3 /* Assets.xcassets */ = {isa = PBXFileReference; lastKnownFileType = folder.assetcatalog; path = Assets.xcassets; sourceTree = "<group>"; };
		01C8E0EF225B4CAB00EC5EA3 /* Base */ = {isa = PBXFileReference; lastKnownFileType = file.storyboard; name = Base; path = Base.lproj/LaunchScreen.storyboard; sourceTree = "<group>"; };
		01C8E0F1225B4CAB00EC5EA3 /* Info.plist */ = {isa = PBXFileReference; lastKnownFileType = text.plist.xml; path = Info.plist; sourceTree = "<group>"; };
/* End PBXFileReference section */

/* Begin PBXFrameworksBuildPhase section */
		01C8E0DF225B4CA600EC5EA3 /* Frameworks */ = {
			isa = PBXFrameworksBuildPhase;
			buildActionMask = 2147483647;
			files = (
			);
			runOnlyForDeploymentPostprocessing = 0;
		};
/* End PBXFrameworksBuildPhase section */

/* Begin PBXGroup section */
		01C8E0D9225B4CA500EC5EA3 = {
			isa = PBXGroup;
			children = (
				01C8E0E4225B4CA600EC5EA3 /* FreakingFood */,
				01C8E0E3225B4CA600EC5EA3 /* Products */,
			);
			sourceTree = "<group>";
		};
		01C8E0E3225B4CA600EC5EA3 /* Products */ = {
			isa = PBXGroup;
			children = (
				01C8E0E2225B4CA600EC5EA3 /* FreakingFood.app */,
			);
			name = Products;
			sourceTree = "<group>";
		};
		01C8E0E4225B4CA600EC5EA3 /* FreakingFood */ = {
			isa = PBXGroup;
			children = (
				01C8E0E5225B4CA600EC5EA3 /* AppDelegate.swift */,
				01C8E0E7225B4CA600EC5EA3 /* ViewController.swift */,
				01C8E0E9225B4CA600EC5EA3 /* Main.storyboard */,
				01C8E0EC225B4CAB00EC5EA3 /* Assets.xcassets */,
				01C8E0EE225B4CAB00EC5EA3 /* LaunchScreen.storyboard */,
				01C8E0F1225B4CAB00EC5EA3 /* Info.plist */,
			);
			path = FreakingFood;
			sourceTree = "<group>";
		};
/* End PBXGroup section */

/* Begin PBXNativeTarget section */
		01C8E0E1225B4CA600EC5EA3 /* FreakingFood */ = {
			isa = PBXNativeTarget;
			buildConfigurationList = 01C8E0F4225B4CAC00EC5EA3 /* Build configuration list for PBXNativeTarget "FreakingFood" */;
			buildPhases = (
				01C8E0DE225B4CA600EC5EA3 /* Sources */,
				01C8E0DF225B4CA600EC5EA3 /* Frameworks */,
				01C8E0E0225B4CA600EC5EA3 /* Resources */,
			);
			buildRules = (
			);
			dependencies = (
			);
			name = FreakingFood;
			productName = FreakingFood;
			productReference = 01C8E0E2225B4CA600EC5EA3 /* FreakingFood.app */;
			productType = "com.apple.product-type.application";
		};
/* End PBXNativeTarget section */

/* Begin PBXProject section */
		01C8E0DA225B4CA500EC5EA3 /* Project object */ = {
			isa = PBXProject;
			attributes = {
				LastSwiftUpdateCheck = 1020;
				LastUpgradeCheck = 1020;
				ORGANIZATIONNAME = "Nick Danilov";
				TargetAttributes = {
					01C8E0E1225B4CA600EC5EA3 = {
						CreatedOnToolsVersion = 10.2;
					};
				};
			};
			buildConfigurationList = 01C8E0DD225B4CA500EC5EA3 /* Build configuration list for PBXProject "FreakingFood" */;
			compatibilityVersion = "Xcode 9.3";
			developmentRegion = en;
			hasScannedForEncodings = 0;
			knownRegions = (
				en,
				Base,
			);
			mainGroup = 01C8E0D9225B4CA500EC5EA3;
			productRefGroup = 01C8E0E3225B4CA600EC5EA3 /* Products */;
			projectDirPath = "";
			projectRoot = "";
			targets = (
				01C8E0E1225B4CA600EC5EA3 /* FreakingFood */,
			);
		};
/* End PBXProject section */

/* Begin PBXResourcesBuildPhase section */
		01C8E0E0225B4CA600EC5EA3 /* Resources */ = {
			isa = PBXResourcesBuildPhase;
			buildActionMask = 2147483647;
			files = (
				01C8E0F0225B4CAB00EC5EA3 /* LaunchScreen.storyboard in Resources */,
				01C8E0ED225B4CAB00EC5EA3 /* Assets.xcassets in Resources */,
				01C8E0EB225B4CA600EC5EA3 /* Main.storyboard in Resources */,
			);
			runOnlyForDeploymentPostprocessing = 0;
		};
/* End PBXResourcesBuildPhase section */

/* Begin PBXSourcesBuildPhase section */
		01C8E0DE225B4CA600EC5EA3 /* Sources */ = {
			isa = PBXSourcesBuildPhase;
			buildActionMask = 2147483647;
			files = (
				01C8E0E8225B4CA600EC5EA3 /* ViewController.swift in Sources */,
				01C8E0E6225B4CA600EC5EA3 /* AppDelegate.swift in Sources */,
			);
			runOnlyForDeploymentPostprocessing = 0;
		};
/* End PBXSourcesBuildPhase section */

/* Begin PBXVariantGroup section */
		01C8E0E9225B4CA600EC5EA3 /* Main.storyboard */ = {
			isa = PBXVariantGroup;
			children = (
				01C8E0EA225B4CA600EC5EA3 /* Base */,
			);
			name = Main.storyboard;
			sourceTree = "<group>";
		};
		01C8E0EE225B4CAB00EC5EA3 /* LaunchScreen.storyboard */ = {
			isa = PBXVariantGroup;
			children = (
				01C8E0EF225B4CAB00EC5EA3 /* Base */,
			);
			name = LaunchScreen.storyboard;
			sourceTree = "<group>";
		};
/* End PBXVariantGroup section */

/* Begin XCBuildConfiguration section */
		01C8E0F2225B4CAC00EC5EA3 /* Debug */ = {
			isa = XCBuildConfiguration;
			buildSettings = {
				ALWAYS_SEARCH_USER_PATHS = NO;
				CLANG_ANALYZER_NONNULL = YES;
				CLANG_ANALYZER_NUMBER_OBJECT_CONVERSION = YES_AGGRESSIVE;
				CLANG_CXX_LANGUAGE_STANDARD = "gnu++14";
				CLANG_CXX_LIBRARY = "libc++";
				CLANG_ENABLE_MODULES = YES;
				CLANG_ENABLE_OBJC_ARC = YES;
				CLANG_ENABLE_OBJC_WEAK = YES;
				CLANG_WARN_BLOCK_CAPTURE_AUTORELEASING = YES;
				CLANG_WARN_BOOL_CONVERSION = YES;
				CLANG_WARN_COMMA = YES;
				CLANG_WARN_CONSTANT_CONVERSION = YES;
				CLANG_WARN_DEPRECATED_OBJC_IMPLEMENTATIONS = YES;
				CLANG_WARN_DIRECT_OBJC_ISA_USAGE = YES_ERROR;
				CLANG_WARN_DOCUMENTATION_COMMENTS = YES;
				CLANG_WARN_EMPTY_BODY = YES;
				CLANG_WARN_ENUM_CONVERSION = YES;
				CLANG_WARN_INFINITE_RECURSION = YES;
				CLANG_WARN_INT_CONVERSION = YES;
				CLANG_WARN_NON_LITERAL_NULL_CONVERSION = YES;
				CLANG_WARN_OBJC_IMPLICIT_RETAIN_SELF = YES;
				CLANG_WARN_OBJC_LITERAL_CONVERSION = YES;
				CLANG_WARN_OBJC_ROOT_CLASS = YES_ERROR;
				CLANG_WARN_RANGE_LOOP_ANALYSIS = YES;
				CLANG_WARN_STRICT_PROTOTYPES = YES;
				CLANG_WARN_SUSPICIOUS_MOVE = YES;
				CLANG_WARN_UNGUARDED_AVAILABILITY = YES_AGGRESSIVE;
				CLANG_WARN_UNREACHABLE_CODE = YES;
				CLANG_WARN__DUPLICATE_METHOD_MATCH = YES;
				CODE_SIGN_IDENTITY = "iPhone Developer";
				COPY_PHASE_STRIP = NO;
				DEBUG_INFORMATION_FORMAT = dwarf;
				ENABLE_STRICT_OBJC_MSGSEND = YES;
				ENABLE_TESTABILITY = YES;
				GCC_C_LANGUAGE_STANDARD = gnu11;
				GCC_DYNAMIC_NO_PIC = NO;
				GCC_NO_COMMON_BLOCKS = YES;
				GCC_OPTIMIZATION_LEVEL = 0;
				GCC_PREPROCESSOR_DEFINITIONS = (
					"DEBUG=1",
					"$(inherited)",
				);
				GCC_WARN_64_TO_32_BIT_CONVERSION = YES;
				GCC_WARN_ABOUT_RETURN_TYPE = YES_ERROR;
				GCC_WARN_UNDECLARED_SELECTOR = YES;
				GCC_WARN_UNINITIALIZED_AUTOS = YES_AGGRESSIVE;
				GCC_WARN_UNUSED_FUNCTION = YES;
				GCC_WARN_UNUSED_VARIABLE = YES;
				IPHONEOS_DEPLOYMENT_TARGET = 12.2;
				MTL_ENABLE_DEBUG_INFO = INCLUDE_SOURCE;
				MTL_FAST_MATH = YES;
				ONLY_ACTIVE_ARCH = YES;
				SDKROOT = iphoneos;
				SWIFT_ACTIVE_COMPILATION_CONDITIONS = DEBUG;
				SWIFT_OPTIMIZATION_LEVEL = "-Onone";
			};
			name = Debug;
		};
		01C8E0F3225B4CAC00EC5EA3 /* Release */ = {
			isa = XCBuildConfiguration;
			buildSettings = {
				ALWAYS_SEARCH_USER_PATHS = NO;
				CLANG_ANALYZER_NONNULL = YES;
				CLANG_ANALYZER_NUMBER_OBJECT_CONVERSION = YES_AGGRESSIVE;
				CLANG_CXX_LANGUAGE_STANDARD = "gnu++14";
				CLANG_CXX_LIBRARY = "libc++";
				CLANG_ENABLE_MODULES = YES;
				CLANG_ENABLE_OBJC_ARC = YES;
				CLANG_ENABLE_OBJC_WEAK = YES;
				CLANG_WARN_BLOCK_CAPTURE_AUTORELEASING = YES;
				CLANG_WARN_BOOL_CONVERSION = YES;
				CLANG_WARN_COMMA = YES;
				CLANG_WARN_CONSTANT_CONVERSION = YES;
				CLANG_WARN_DEPRECATED_OBJC_IMPLEMENTATIONS = YES;
				CLANG_WARN_DIRECT_OBJC_ISA_USAGE = YES_ERROR;
				CLANG_WARN_DOCUMENTATION_COMMENTS = YES;
				CLANG_WARN_EMPTY_BODY = YES;
				CLANG_WARN_ENUM_CONVERSION = YES;
				CLANG_WARN_INFINITE_RECURSION = YES;
				CLANG_WARN_INT_CONVERSION = YES;
				CLANG_WARN_NON_LITERAL_NULL_CONVERSION = YES;
				CLANG_WARN_OBJC_IMPLICIT_RETAIN_SELF = YES;
				CLANG_WARN_OBJC_LITERAL_CONVERSION = YES;
				CLANG_WARN_OBJC_ROOT_CLASS = YES_ERROR;
				CLANG_WARN_RANGE_LOOP_ANALYSIS = YES;
				CLANG_WARN_STRICT_PROTOTYPES = YES;
				CLANG_WARN_SUSPICIOUS_MOVE = YES;
				CLANG_WARN_UNGUARDED_AVAILABILITY = YES_AGGRESSIVE;
				CLANG_WARN_UNREACHABLE_CODE = YES;
				CLANG_WARN__DUPLICATE_METHOD_MATCH = YES;
				CODE_SIGN_IDENTITY = "iPhone Developer";
				COPY_PHASE_STRIP = NO;
				DEBUG_INFORMATION_FORMAT = "dwarf-with-dsym";
				ENABLE_NS_ASSERTIONS = NO;
				ENABLE_STRICT_OBJC_MSGSEND = YES;
				GCC_C_LANGUAGE_STANDARD = gnu11;
				GCC_NO_COMMON_BLOCKS = YES;
				GCC_WARN_64_TO_32_BIT_CONVERSION = YES;
				GCC_WARN_ABOUT_RETURN_TYPE = YES_ERROR;
				GCC_WARN_UNDECLARED_SELECTOR = YES;
				GCC_WARN_UNINITIALIZED_AUTOS = YES_AGGRESSIVE;
				GCC_WARN_UNUSED_FUNCTION = YES;
				GCC_WARN_UNUSED_VARIABLE = YES;
				IPHONEOS_DEPLOYMENT_TARGET = 12.2;
				MTL_ENABLE_DEBUG_INFO = NO;
				MTL_FAST_MATH = YES;
				SDKROOT = iphoneos;
				SWIFT_COMPILATION_MODE = wholemodule;
				SWIFT_OPTIMIZATION_LEVEL = "-O";
				VALIDATE_PRODUCT = YES;
			};
			name = Release;
		};
		01C8E0F5225B4CAC00EC5EA3 /* Debug */ = {
			isa = XCBuildConfiguration;
			buildSettings = {
				ASSETCATALOG_COMPILER_APPICON_NAME = AppIcon;
				CODE_SIGN_STYLE = Automatic;
				DEVELOPMENT_TEAM = U9566H7YF4;
				INFOPLIST_FILE = FreakingFood/Info.plist;
				LD_RUNPATH_SEARCH_PATHS = (
					"$(inherited)",
					"@executable_path/Frameworks",
				);
				PRODUCT_BUNDLE_IDENTIFIER = com.nickdanilov.FreakingFood;
				PRODUCT_NAME = "$(TARGET_NAME)";
				SWIFT_VERSION = 5.0;
				TARGETED_DEVICE_FAMILY = "1,2";
			};
			name = Debug;
		};
		01C8E0F6225B4CAC00EC5EA3 /* Release */ = {
			isa = XCBuildConfiguration;
			buildSettings = {
				ASSETCATALOG_COMPILER_APPICON_NAME = AppIcon;
				CODE_SIGN_STYLE = Automatic;
				DEVELOPMENT_TEAM = U9566H7YF4;
				INFOPLIST_FILE = FreakingFood/Info.plist;
				LD_RUNPATH_SEARCH_PATHS = (
					"$(inherited)",
					"@executable_path/Frameworks",
				);
				PRODUCT_BUNDLE_IDENTIFIER = com.nickdanilov.FreakingFood;
				PRODUCT_NAME = "$(TARGET_NAME)";
				SWIFT_VERSION = 5.0;
				TARGETED_DEVICE_FAMILY = "1,2";
			};
			name = Release;
		};
/* End XCBuildConfiguration section */

/* Begin XCConfigurationList section */
		01C8E0DD225B4CA500EC5EA3 /* Build configuration list for PBXProject "FreakingFood" */ = {
			isa = XCConfigurationList;
			buildConfigurations = (
				01C8E0F2225B4CAC00EC5EA3 /* Debug */,
				01C8E0F3225B4CAC00EC5EA3 /* Release */,
			);
			defaultConfigurationIsVisible = 0;
			defaultConfigurationName = Release;
		};
		01C8E0F4225B4CAC00EC5EA3 /* Build configuration list for PBXNativeTarget "FreakingFood" */ = {
			isa = XCConfigurationList;
			buildConfigurations = (
				01C8E0F5225B4CAC00EC5EA3 /* Debug */,
				01C8E0F6225B4CAC00EC5EA3 /* Release */,
			);
			defaultConfigurationIsVisible = 0;
			defaultConfigurationName = Release;
		};
/* End XCConfigurationList section */
	};
	rootObject = 01C8E0DA225B4CA500EC5EA3 /* Project object */;
}
